
Microsoft Visual Studio Solution File, Format Version 12.00
# Visual Studio Version 17
VisualStudioVersion = 17.9.34728.123
MinimumVisualStudioVersion = 10.0.40219.1
Project("{FAE04EC0-301F-11D3-BF4B-00C04F79EFBC}") = "Questions_Dropdown", "Questions_Dropdown.csproj", "{BC77303B-1633-46F3-BC24-3E98E0E84A82}"
EndProject
Global
	GlobalSection(SolutionConfigurationPlatforms) = preSolution
		Debug|Any CPU = Debug|Any CPU
		Release|Any CPU = Release|Any CPU
	EndGlobalSection
	GlobalSection(ProjectConfigurationPlatforms) = postSolution
		{BC77303B-1633-46F3-BC24-3E98E0E84A82}.Debug|Any CPU.ActiveCfg = Debug|Any CPU
		{BC77303B-1633-46F3-BC24-3E98E0E84A82}.Debug|Any CPU.Build.0 = Debug|Any CPU
		{BC77303B-1633-46F3-BC24-3E98E0E84A82}.Release|Any CPU.ActiveCfg = Release|Any CPU
		{BC77303B-1633-46F3-BC24-3E98E0E84A82}.Release|Any CPU.Build.0 = Release|Any CPU
	EndGlobalSection
	GlobalSection(SolutionProperties) = preSolution
		HideSolutionNode = FALSE
	EndGlobalSection
	GlobalSection(ExtensibilityGlobals) = postSolution
		SolutionGuid = {EBE19D2B-B0CB-4DF3-AA49-52A6AF61E871}
	EndGlobalSection
EndGlobal
